// !$*UTF8*$!
{
	archiveVersion = 1;
	classes = {
	};
	objectVersion = 51;
	objects = {

/* Begin PBXBuildFile section */
		249FE8F145256B0E0F9FEA82 /* Pods_FirstTaskTests.framework in Frameworks */ = {isa = PBXBuildFile; fileRef = 1C647628B49ED6CC4F5BDE40 /* Pods_FirstTaskTests.framework */; };
		99687EE3271DB935008BDA72 /* AppDelegate.swift in Sources */ = {isa = PBXBuildFile; fileRef = 99687EE2271DB935008BDA72 /* AppDelegate.swift */; };
		99687EE5271DB935008BDA72 /* SceneDelegate.swift in Sources */ = {isa = PBXBuildFile; fileRef = 99687EE4271DB935008BDA72 /* SceneDelegate.swift */; };
		99687EE7271DB935008BDA72 /* UsersViewController.swift in Sources */ = {isa = PBXBuildFile; fileRef = 99687EE6271DB935008BDA72 /* UsersViewController.swift */; };
		99687EEA271DB935008BDA72 /* Main.storyboard in Resources */ = {isa = PBXBuildFile; fileRef = 99687EE8271DB935008BDA72 /* Main.storyboard */; };
		99687EEC271DB939008BDA72 /* Assets.xcassets in Resources */ = {isa = PBXBuildFile; fileRef = 99687EEB271DB939008BDA72 /* Assets.xcassets */; };
		99687EEF271DB939008BDA72 /* LaunchScreen.storyboard in Resources */ = {isa = PBXBuildFile; fileRef = 99687EED271DB939008BDA72 /* LaunchScreen.storyboard */; };
		99687EFA271DB939008BDA72 /* FirstTaskTests.swift in Sources */ = {isa = PBXBuildFile; fileRef = 99687EF9271DB939008BDA72 /* FirstTaskTests.swift */; };
		99687F05271DB939008BDA72 /* FirstTaskUITests.swift in Sources */ = {isa = PBXBuildFile; fileRef = 99687F04271DB939008BDA72 /* FirstTaskUITests.swift */; };
		99687F15271DBB16008BDA72 /* API.swift in Sources */ = {isa = PBXBuildFile; fileRef = 99687F14271DBB16008BDA72 /* API.swift */; };
		99687F18271DBB28008BDA72 /* Router.swift in Sources */ = {isa = PBXBuildFile; fileRef = 99687F17271DBB28008BDA72 /* Router.swift */; };
		99687F1B271DBB49008BDA72 /* Interceptor.swift in Sources */ = {isa = PBXBuildFile; fileRef = 99687F1A271DBB49008BDA72 /* Interceptor.swift */; };
		99687F1F271DBF51008BDA72 /* Response.swift in Sources */ = {isa = PBXBuildFile; fileRef = 99687F1E271DBF51008BDA72 /* Response.swift */; };
		99687F22271DCA9D008BDA72 /* TableViewCellRepresentable.swift in Sources */ = {isa = PBXBuildFile; fileRef = 99687F21271DCA9D008BDA72 /* TableViewCellRepresentable.swift */; };
		99687F24271DCB17008BDA72 /* UserTableViewCellRepresentable.swift in Sources */ = {isa = PBXBuildFile; fileRef = 99687F23271DCB17008BDA72 /* UserTableViewCellRepresentable.swift */; };
		99687F29271DCD28008BDA72 /* UsersViewModel.swift in Sources */ = {isa = PBXBuildFile; fileRef = 99687F28271DCD28008BDA72 /* UsersViewModel.swift */; };
		99687F2C271DCDFE008BDA72 /* UserTableViewCell.swift in Sources */ = {isa = PBXBuildFile; fileRef = 99687F2A271DCDFE008BDA72 /* UserTableViewCell.swift */; };
		99687F2D271DCDFE008BDA72 /* UserTableViewCell.xib in Resources */ = {isa = PBXBuildFile; fileRef = 99687F2B271DCDFE008BDA72 /* UserTableViewCell.xib */; };
		99687F2F271DE037008BDA72 /* UserViewControllerExtentsion.swift in Sources */ = {isa = PBXBuildFile; fileRef = 99687F2E271DE037008BDA72 /* UserViewControllerExtentsion.swift */; };
		99687F362720BE8F008BDA72 /* LoadingTableViewCell.swift in Sources */ = {isa = PBXBuildFile; fileRef = 99687F342720BE8F008BDA72 /* LoadingTableViewCell.swift */; };
		99687F372720BE8F008BDA72 /* LoadingTableViewCell.xib in Resources */ = {isa = PBXBuildFile; fileRef = 99687F352720BE8F008BDA72 /* LoadingTableViewCell.xib */; };
		99687F3B27216883008BDA72 /* LoadingTableViewCellRepresentable.swift in Sources */ = {isa = PBXBuildFile; fileRef = 99687F3A27216883008BDA72 /* LoadingTableViewCellRepresentable.swift */; };
		99B9C3FD274E6A8100CB426F /* ProfileViewController.swift in Sources */ = {isa = PBXBuildFile; fileRef = 99B9C3FC274E6A8100CB426F /* ProfileViewController.swift */; };
		99B9C401274E9C5C00CB426F /* ProfileResponse.swift in Sources */ = {isa = PBXBuildFile; fileRef = 99B9C400274E9C5C00CB426F /* ProfileResponse.swift */; };
		99B9C408274EAECC00CB426F /* TableHeaderFooterViewRepresentable.swift in Sources */ = {isa = PBXBuildFile; fileRef = 99B9C407274EAECC00CB426F /* TableHeaderFooterViewRepresentable.swift */; };
		99B9C40A274EB50B00CB426F /* TableSectionRepresentable.swift in Sources */ = {isa = PBXBuildFile; fileRef = 99B9C409274EB50B00CB426F /* TableSectionRepresentable.swift */; };
		99B9C40E274EB6C200CB426F /* SectionHeaderRepresentable.swift in Sources */ = {isa = PBXBuildFile; fileRef = 99B9C40D274EB6C200CB426F /* SectionHeaderRepresentable.swift */; };
		99B9C410274EB80700CB426F /* AboutCellRepresentable.swift in Sources */ = {isa = PBXBuildFile; fileRef = 99B9C40F274EB80700CB426F /* AboutCellRepresentable.swift */; };
		99B9C412274EB8CC00CB426F /* ExperienceCellRepresentable.swift in Sources */ = {isa = PBXBuildFile; fileRef = 99B9C411274EB8CC00CB426F /* ExperienceCellRepresentable.swift */; };
		99B9C414274EB91E00CB426F /* skillsCellRepresentable.swift in Sources */ = {isa = PBXBuildFile; fileRef = 99B9C413274EB91E00CB426F /* skillsCellRepresentable.swift */; };
		99B9C418274EBA2900CB426F /* AvailabilityCellRepresentable.swift in Sources */ = {isa = PBXBuildFile; fileRef = 99B9C417274EBA2900CB426F /* AvailabilityCellRepresentable.swift */; };
		99B9C41E274EC7C700CB426F /* AboutTableViewCell.swift in Sources */ = {isa = PBXBuildFile; fileRef = 99B9C41C274EC7C700CB426F /* AboutTableViewCell.swift */; };
		99B9C41F274EC7C700CB426F /* AboutTableViewCell.xib in Resources */ = {isa = PBXBuildFile; fileRef = 99B9C41D274EC7C700CB426F /* AboutTableViewCell.xib */; };
		99B9C422274ED1D400CB426F /* UserProfileViewModel.swift in Sources */ = {isa = PBXBuildFile; fileRef = 99B9C421274ED1D400CB426F /* UserProfileViewModel.swift */; };
		99B9C42A274ED8C000CB426F /* SectionHeaderTableView.swift in Sources */ = {isa = PBXBuildFile; fileRef = 99B9C429274ED8C000CB426F /* SectionHeaderTableView.swift */; };
		99B9C42E274ED8EA00CB426F /* SectionHeaderTableView.xib in Resources */ = {isa = PBXBuildFile; fileRef = 99B9C42D274ED8EA00CB426F /* SectionHeaderTableView.xib */; };
		99B9C440274FB6C100CB426F /* ExperienceTableViewCell.swift in Sources */ = {isa = PBXBuildFile; fileRef = 99B9C43E274FB6C100CB426F /* ExperienceTableViewCell.swift */; };
		99B9C441274FB6C100CB426F /* ExperienceTableViewCell.xib in Resources */ = {isa = PBXBuildFile; fileRef = 99B9C43F274FB6C100CB426F /* ExperienceTableViewCell.xib */; };
		99B9C44F2753A20500CB426F /* SkillsTableViewCell.swift in Sources */ = {isa = PBXBuildFile; fileRef = 99B9C44D2753A20500CB426F /* SkillsTableViewCell.swift */; };
		99B9C4522755333E00CB426F /* TagsLabel.swift in Sources */ = {isa = PBXBuildFile; fileRef = 99B9C4512755333E00CB426F /* TagsLabel.swift */; };
		99B9C4562756679200CB426F /* MainHeaderTableView.swift in Sources */ = {isa = PBXBuildFile; fileRef = 99B9C4552756679200CB426F /* MainHeaderTableView.swift */; };
		99B9C458275667C200CB426F /* MainHeaderTableView.xib in Resources */ = {isa = PBXBuildFile; fileRef = 99B9C457275667C200CB426F /* MainHeaderTableView.xib */; };
		99B9C45A2756BA6200CB426F /* MainHeaderRepresentable.swift in Sources */ = {isa = PBXBuildFile; fileRef = 99B9C4592756BA6200CB426F /* MainHeaderRepresentable.swift */; };
		99ECF1EE2738F2C1000F7891 /* Education.swift in Sources */ = {isa = PBXBuildFile; fileRef = 99ECF1ED2738F2C1000F7891 /* Education.swift */; };
		99ECF1F02738F2E4000F7891 /* User.swift in Sources */ = {isa = PBXBuildFile; fileRef = 99ECF1EF2738F2E4000F7891 /* User.swift */; };
		99ECF1F22738F2F8000F7891 /* Location.swift in Sources */ = {isa = PBXBuildFile; fileRef = 99ECF1F12738F2F8000F7891 /* Location.swift */; };
		99ECF1F42738F30A000F7891 /* Position.swift in Sources */ = {isa = PBXBuildFile; fileRef = 99ECF1F32738F30A000F7891 /* Position.swift */; };
		99ECF1F62738F336000F7891 /* DataClass.swift in Sources */ = {isa = PBXBuildFile; fileRef = 99ECF1F52738F336000F7891 /* DataClass.swift */; };
		99F76AC62759677A0050125F /* AvailabilityTableViewCell.swift in Sources */ = {isa = PBXBuildFile; fileRef = 99F76AC42759677A0050125F /* AvailabilityTableViewCell.swift */; };
		99F76AC9275FBAB80050125F /* NavigationBarView.swift in Sources */ = {isa = PBXBuildFile; fileRef = 99F76AC8275FBAB80050125F /* NavigationBarView.swift */; };
		99F76AD0275FE59A0050125F /* NavigationBarView.xib in Resources */ = {isa = PBXBuildFile; fileRef = 99F76ACF275FE59A0050125F /* NavigationBarView.xib */; };
		99F76AD42760CCB90050125F /* UserData.swift in Sources */ = {isa = PBXBuildFile; fileRef = 99F76AD32760CCB90050125F /* UserData.swift */; };
		99F76AD72760CD2B0050125F /* Experience.swift in Sources */ = {isa = PBXBuildFile; fileRef = 99F76AD62760CD2B0050125F /* Experience.swift */; };
		99F76AD92760CD510050125F /* Work.swift in Sources */ = {isa = PBXBuildFile; fileRef = 99F76AD82760CD510050125F /* Work.swift */; };
		99F76ADB2760CD760050125F /* UserInfo.swift in Sources */ = {isa = PBXBuildFile; fileRef = 99F76ADA2760CD760050125F /* UserInfo.swift */; };
		99F76ADD2760CD8D0050125F /* UserSkill.swift in Sources */ = {isa = PBXBuildFile; fileRef = 99F76ADC2760CD8D0050125F /* UserSkill.swift */; };
		99F76ADF2760CDBC0050125F /* Availability.swift in Sources */ = {isa = PBXBuildFile; fileRef = 99F76ADE2760CDBC0050125F /* Availability.swift */; };
		99F76AE12760CDE20050125F /* PositionInfo.swift in Sources */ = {isa = PBXBuildFile; fileRef = 99F76AE02760CDE20050125F /* PositionInfo.swift */; };
		99F76AE32760CDF80050125F /* Brand.swift in Sources */ = {isa = PBXBuildFile; fileRef = 99F76AE22760CDF80050125F /* Brand.swift */; };
		CA56AD3E42FFDF8F1254B905 /* Pods_FirstTask.framework in Frameworks */ = {isa = PBXBuildFile; fileRef = FB59189E5FDCB19CE1A114B1 /* Pods_FirstTask.framework */; };
		E6D4017D01967AA770D28248 /* Pods_FirstTask_FirstTaskUITests.framework in Frameworks */ = {isa = PBXBuildFile; fileRef = C7CCCFF9ABCA7823E3E0FA11 /* Pods_FirstTask_FirstTaskUITests.framework */; };
/* End PBXBuildFile section */

/* Begin PBXContainerItemProxy section */
		99687EF6271DB939008BDA72 /* PBXContainerItemProxy */ = {
			isa = PBXContainerItemProxy;
			containerPortal = 99687ED7271DB935008BDA72 /* Project object */;
			proxyType = 1;
			remoteGlobalIDString = 99687EDE271DB935008BDA72;
			remoteInfo = FirstTask;
		};
		99687F01271DB939008BDA72 /* PBXContainerItemProxy */ = {
			isa = PBXContainerItemProxy;
			containerPortal = 99687ED7271DB935008BDA72 /* Project object */;
			proxyType = 1;
			remoteGlobalIDString = 99687EDE271DB935008BDA72;
			remoteInfo = FirstTask;
		};
/* End PBXContainerItemProxy section */

/* Begin PBXFileReference section */
		11C04C1000218D7FAC50658C /* Pods-FirstTask.debug.xcconfig */ = {isa = PBXFileReference; includeInIndex = 1; lastKnownFileType = text.xcconfig; name = "Pods-FirstTask.debug.xcconfig"; path = "Target Support Files/Pods-FirstTask/Pods-FirstTask.debug.xcconfig"; sourceTree = "<group>"; };
		1C647628B49ED6CC4F5BDE40 /* Pods_FirstTaskTests.framework */ = {isa = PBXFileReference; explicitFileType = wrapper.framework; includeInIndex = 0; path = Pods_FirstTaskTests.framework; sourceTree = BUILT_PRODUCTS_DIR; };
		4FE35789A3E78554ABC9555F /* Pods-FirstTask-FirstTaskUITests.release.xcconfig */ = {isa = PBXFileReference; includeInIndex = 1; lastKnownFileType = text.xcconfig; name = "Pods-FirstTask-FirstTaskUITests.release.xcconfig"; path = "Target Support Files/Pods-FirstTask-FirstTaskUITests/Pods-FirstTask-FirstTaskUITests.release.xcconfig"; sourceTree = "<group>"; };
		99687EDF271DB935008BDA72 /* FirstTask.app */ = {isa = PBXFileReference; explicitFileType = wrapper.application; includeInIndex = 0; path = FirstTask.app; sourceTree = BUILT_PRODUCTS_DIR; };
		99687EE2271DB935008BDA72 /* AppDelegate.swift */ = {isa = PBXFileReference; lastKnownFileType = sourcecode.swift; path = AppDelegate.swift; sourceTree = "<group>"; };
		99687EE4271DB935008BDA72 /* SceneDelegate.swift */ = {isa = PBXFileReference; lastKnownFileType = sourcecode.swift; path = SceneDelegate.swift; sourceTree = "<group>"; };
		99687EE6271DB935008BDA72 /* UsersViewController.swift */ = {isa = PBXFileReference; lastKnownFileType = sourcecode.swift; path = UsersViewController.swift; sourceTree = "<group>"; };
		99687EE9271DB935008BDA72 /* Base */ = {isa = PBXFileReference; lastKnownFileType = file.storyboard; name = Base; path = Base.lproj/Main.storyboard; sourceTree = "<group>"; };
		99687EEB271DB939008BDA72 /* Assets.xcassets */ = {isa = PBXFileReference; lastKnownFileType = folder.assetcatalog; path = Assets.xcassets; sourceTree = "<group>"; };
		99687EEE271DB939008BDA72 /* Base */ = {isa = PBXFileReference; lastKnownFileType = file.storyboard; name = Base; path = Base.lproj/LaunchScreen.storyboard; sourceTree = "<group>"; };
		99687EF0271DB939008BDA72 /* Info.plist */ = {isa = PBXFileReference; lastKnownFileType = text.plist.xml; path = Info.plist; sourceTree = "<group>"; };
		99687EF5271DB939008BDA72 /* FirstTaskTests.xctest */ = {isa = PBXFileReference; explicitFileType = wrapper.cfbundle; includeInIndex = 0; path = FirstTaskTests.xctest; sourceTree = BUILT_PRODUCTS_DIR; };
		99687EF9271DB939008BDA72 /* FirstTaskTests.swift */ = {isa = PBXFileReference; lastKnownFileType = sourcecode.swift; path = FirstTaskTests.swift; sourceTree = "<group>"; };
		99687EFB271DB939008BDA72 /* Info.plist */ = {isa = PBXFileReference; lastKnownFileType = text.plist.xml; path = Info.plist; sourceTree = "<group>"; };
		99687F00271DB939008BDA72 /* FirstTaskUITests.xctest */ = {isa = PBXFileReference; explicitFileType = wrapper.cfbundle; includeInIndex = 0; path = FirstTaskUITests.xctest; sourceTree = BUILT_PRODUCTS_DIR; };
		99687F04271DB939008BDA72 /* FirstTaskUITests.swift */ = {isa = PBXFileReference; lastKnownFileType = sourcecode.swift; path = FirstTaskUITests.swift; sourceTree = "<group>"; };
		99687F06271DB939008BDA72 /* Info.plist */ = {isa = PBXFileReference; lastKnownFileType = text.plist.xml; path = Info.plist; sourceTree = "<group>"; };
		99687F14271DBB16008BDA72 /* API.swift */ = {isa = PBXFileReference; lastKnownFileType = sourcecode.swift; path = API.swift; sourceTree = "<group>"; };
		99687F17271DBB28008BDA72 /* Router.swift */ = {isa = PBXFileReference; lastKnownFileType = sourcecode.swift; path = Router.swift; sourceTree = "<group>"; };
		99687F1A271DBB49008BDA72 /* Interceptor.swift */ = {isa = PBXFileReference; lastKnownFileType = sourcecode.swift; path = Interceptor.swift; sourceTree = "<group>"; };
		99687F1E271DBF51008BDA72 /* Response.swift */ = {isa = PBXFileReference; lastKnownFileType = sourcecode.swift; path = Response.swift; sourceTree = "<group>"; };
		99687F21271DCA9D008BDA72 /* TableViewCellRepresentable.swift */ = {isa = PBXFileReference; lastKnownFileType = sourcecode.swift; path = TableViewCellRepresentable.swift; sourceTree = "<group>"; };
		99687F23271DCB17008BDA72 /* UserTableViewCellRepresentable.swift */ = {isa = PBXFileReference; lastKnownFileType = sourcecode.swift; path = UserTableViewCellRepresentable.swift; sourceTree = "<group>"; };
		99687F28271DCD28008BDA72 /* UsersViewModel.swift */ = {isa = PBXFileReference; lastKnownFileType = sourcecode.swift; path = UsersViewModel.swift; sourceTree = "<group>"; };
		99687F2A271DCDFE008BDA72 /* UserTableViewCell.swift */ = {isa = PBXFileReference; lastKnownFileType = sourcecode.swift; path = UserTableViewCell.swift; sourceTree = "<group>"; };
		99687F2B271DCDFE008BDA72 /* UserTableViewCell.xib */ = {isa = PBXFileReference; lastKnownFileType = file.xib; path = UserTableViewCell.xib; sourceTree = "<group>"; };
		99687F2E271DE037008BDA72 /* UserViewControllerExtentsion.swift */ = {isa = PBXFileReference; lastKnownFileType = sourcecode.swift; path = UserViewControllerExtentsion.swift; sourceTree = "<group>"; };
		99687F342720BE8F008BDA72 /* LoadingTableViewCell.swift */ = {isa = PBXFileReference; lastKnownFileType = sourcecode.swift; path = LoadingTableViewCell.swift; sourceTree = "<group>"; };
		99687F352720BE8F008BDA72 /* LoadingTableViewCell.xib */ = {isa = PBXFileReference; lastKnownFileType = file.xib; path = LoadingTableViewCell.xib; sourceTree = "<group>"; };
		99687F3A27216883008BDA72 /* LoadingTableViewCellRepresentable.swift */ = {isa = PBXFileReference; lastKnownFileType = sourcecode.swift; path = LoadingTableViewCellRepresentable.swift; sourceTree = "<group>"; };
		99B9C3FC274E6A8100CB426F /* ProfileViewController.swift */ = {isa = PBXFileReference; lastKnownFileType = sourcecode.swift; path = ProfileViewController.swift; sourceTree = "<group>"; };
		99B9C400274E9C5C00CB426F /* ProfileResponse.swift */ = {isa = PBXFileReference; lastKnownFileType = sourcecode.swift; path = ProfileResponse.swift; sourceTree = "<group>"; };
		99B9C407274EAECC00CB426F /* TableHeaderFooterViewRepresentable.swift */ = {isa = PBXFileReference; lastKnownFileType = sourcecode.swift; name = TableHeaderFooterViewRepresentable.swift; path = FirstTask/Representables/TableHeaderFooterViewRepresentable.swift; sourceTree = SOURCE_ROOT; };
		99B9C409274EB50B00CB426F /* TableSectionRepresentable.swift */ = {isa = PBXFileReference; lastKnownFileType = sourcecode.swift; path = TableSectionRepresentable.swift; sourceTree = "<group>"; };
		99B9C40D274EB6C200CB426F /* SectionHeaderRepresentable.swift */ = {isa = PBXFileReference; lastKnownFileType = sourcecode.swift; path = SectionHeaderRepresentable.swift; sourceTree = "<group>"; };
		99B9C40F274EB80700CB426F /* AboutCellRepresentable.swift */ = {isa = PBXFileReference; lastKnownFileType = sourcecode.swift; path = AboutCellRepresentable.swift; sourceTree = "<group>"; };
		99B9C411274EB8CC00CB426F /* ExperienceCellRepresentable.swift */ = {isa = PBXFileReference; lastKnownFileType = sourcecode.swift; path = ExperienceCellRepresentable.swift; sourceTree = "<group>"; };
		99B9C413274EB91E00CB426F /* skillsCellRepresentable.swift */ = {isa = PBXFileReference; lastKnownFileType = sourcecode.swift; path = skillsCellRepresentable.swift; sourceTree = "<group>"; };
		99B9C417274EBA2900CB426F /* AvailabilityCellRepresentable.swift */ = {isa = PBXFileReference; lastKnownFileType = sourcecode.swift; path = AvailabilityCellRepresentable.swift; sourceTree = "<group>"; };
		99B9C41C274EC7C700CB426F /* AboutTableViewCell.swift */ = {isa = PBXFileReference; lastKnownFileType = sourcecode.swift; name = AboutTableViewCell.swift; path = FirstTask/UsersViewControllers/TableViewCells/UserProfileTableViewCells/AboutTableViewCell/AboutTableViewCell.swift; sourceTree = SOURCE_ROOT; };
		99B9C41D274EC7C700CB426F /* AboutTableViewCell.xib */ = {isa = PBXFileReference; lastKnownFileType = file.xib; name = AboutTableViewCell.xib; path = FirstTask/UsersViewControllers/TableViewCells/UserProfileTableViewCells/AboutTableViewCell/AboutTableViewCell.xib; sourceTree = SOURCE_ROOT; };
		99B9C421274ED1D400CB426F /* UserProfileViewModel.swift */ = {isa = PBXFileReference; lastKnownFileType = sourcecode.swift; path = UserProfileViewModel.swift; sourceTree = "<group>"; };
		99B9C429274ED8C000CB426F /* SectionHeaderTableView.swift */ = {isa = PBXFileReference; lastKnownFileType = sourcecode.swift; path = SectionHeaderTableView.swift; sourceTree = "<group>"; };
		99B9C42D274ED8EA00CB426F /* SectionHeaderTableView.xib */ = {isa = PBXFileReference; lastKnownFileType = file.xib; path = SectionHeaderTableView.xib; sourceTree = "<group>"; };
		99B9C43E274FB6C100CB426F /* ExperienceTableViewCell.swift */ = {isa = PBXFileReference; lastKnownFileType = sourcecode.swift; path = ExperienceTableViewCell.swift; sourceTree = "<group>"; };
		99B9C43F274FB6C100CB426F /* ExperienceTableViewCell.xib */ = {isa = PBXFileReference; lastKnownFileType = file.xib; path = ExperienceTableViewCell.xib; sourceTree = "<group>"; };
		99B9C44D2753A20500CB426F /* SkillsTableViewCell.swift */ = {isa = PBXFileReference; lastKnownFileType = sourcecode.swift; path = SkillsTableViewCell.swift; sourceTree = "<group>"; };
		99B9C4512755333E00CB426F /* TagsLabel.swift */ = {isa = PBXFileReference; lastKnownFileType = sourcecode.swift; path = TagsLabel.swift; sourceTree = "<group>"; };
		99B9C4552756679200CB426F /* MainHeaderTableView.swift */ = {isa = PBXFileReference; lastKnownFileType = sourcecode.swift; path = MainHeaderTableView.swift; sourceTree = "<group>"; };
		99B9C457275667C200CB426F /* MainHeaderTableView.xib */ = {isa = PBXFileReference; lastKnownFileType = file.xib; path = MainHeaderTableView.xib; sourceTree = "<group>"; };
		99B9C4592756BA6200CB426F /* MainHeaderRepresentable.swift */ = {isa = PBXFileReference; lastKnownFileType = sourcecode.swift; path = MainHeaderRepresentable.swift; sourceTree = "<group>"; };
		99ECF1ED2738F2C1000F7891 /* Education.swift */ = {isa = PBXFileReference; lastKnownFileType = sourcecode.swift; path = Education.swift; sourceTree = "<group>"; };
		99ECF1EF2738F2E4000F7891 /* User.swift */ = {isa = PBXFileReference; lastKnownFileType = sourcecode.swift; path = User.swift; sourceTree = "<group>"; };
		99ECF1F12738F2F8000F7891 /* Location.swift */ = {isa = PBXFileReference; lastKnownFileType = sourcecode.swift; path = Location.swift; sourceTree = "<group>"; };
		99ECF1F32738F30A000F7891 /* Position.swift */ = {isa = PBXFileReference; lastKnownFileType = sourcecode.swift; path = Position.swift; sourceTree = "<group>"; };
		99ECF1F52738F336000F7891 /* DataClass.swift */ = {isa = PBXFileReference; lastKnownFileType = sourcecode.swift; path = DataClass.swift; sourceTree = "<group>"; };
		99F76AC42759677A0050125F /* AvailabilityTableViewCell.swift */ = {isa = PBXFileReference; lastKnownFileType = sourcecode.swift; path = AvailabilityTableViewCell.swift; sourceTree = "<group>"; };
		99F76AC8275FBAB80050125F /* NavigationBarView.swift */ = {isa = PBXFileReference; lastKnownFileType = sourcecode.swift; path = NavigationBarView.swift; sourceTree = "<group>"; };
		99F76ACF275FE59A0050125F /* NavigationBarView.xib */ = {isa = PBXFileReference; lastKnownFileType = file.xib; path = NavigationBarView.xib; sourceTree = "<group>"; };
		99F76AD32760CCB90050125F /* UserData.swift */ = {isa = PBXFileReference; lastKnownFileType = sourcecode.swift; path = UserData.swift; sourceTree = "<group>"; };
		99F76AD62760CD2B0050125F /* Experience.swift */ = {isa = PBXFileReference; lastKnownFileType = sourcecode.swift; path = Experience.swift; sourceTree = "<group>"; };
		99F76AD82760CD510050125F /* Work.swift */ = {isa = PBXFileReference; lastKnownFileType = sourcecode.swift; path = Work.swift; sourceTree = "<group>"; };
		99F76ADA2760CD760050125F /* UserInfo.swift */ = {isa = PBXFileReference; lastKnownFileType = sourcecode.swift; path = UserInfo.swift; sourceTree = "<group>"; };
		99F76ADC2760CD8D0050125F /* UserSkill.swift */ = {isa = PBXFileReference; lastKnownFileType = sourcecode.swift; path = UserSkill.swift; sourceTree = "<group>"; };
		99F76ADE2760CDBC0050125F /* Availability.swift */ = {isa = PBXFileReference; lastKnownFileType = sourcecode.swift; path = Availability.swift; sourceTree = "<group>"; };
		99F76AE02760CDE20050125F /* PositionInfo.swift */ = {isa = PBXFileReference; lastKnownFileType = sourcecode.swift; path = PositionInfo.swift; sourceTree = "<group>"; };
		99F76AE22760CDF80050125F /* Brand.swift */ = {isa = PBXFileReference; lastKnownFileType = sourcecode.swift; path = Brand.swift; sourceTree = "<group>"; };
		9CEC64B4075D8C31D1D5DA44 /* Pods-FirstTask.release.xcconfig */ = {isa = PBXFileReference; includeInIndex = 1; lastKnownFileType = text.xcconfig; name = "Pods-FirstTask.release.xcconfig"; path = "Target Support Files/Pods-FirstTask/Pods-FirstTask.release.xcconfig"; sourceTree = "<group>"; };
		B44B207AE53856DADE6AF1E5 /* Pods-FirstTaskTests.release.xcconfig */ = {isa = PBXFileReference; includeInIndex = 1; lastKnownFileType = text.xcconfig; name = "Pods-FirstTaskTests.release.xcconfig"; path = "Target Support Files/Pods-FirstTaskTests/Pods-FirstTaskTests.release.xcconfig"; sourceTree = "<group>"; };
		C7CCCFF9ABCA7823E3E0FA11 /* Pods_FirstTask_FirstTaskUITests.framework */ = {isa = PBXFileReference; explicitFileType = wrapper.framework; includeInIndex = 0; path = Pods_FirstTask_FirstTaskUITests.framework; sourceTree = BUILT_PRODUCTS_DIR; };
		C9CB2248F022A53AD11D77B4 /* Pods-FirstTaskTests.debug.xcconfig */ = {isa = PBXFileReference; includeInIndex = 1; lastKnownFileType = text.xcconfig; name = "Pods-FirstTaskTests.debug.xcconfig"; path = "Target Support Files/Pods-FirstTaskTests/Pods-FirstTaskTests.debug.xcconfig"; sourceTree = "<group>"; };
		DDA966A992257C92BC205C08 /* Pods-FirstTask-FirstTaskUITests.debug.xcconfig */ = {isa = PBXFileReference; includeInIndex = 1; lastKnownFileType = text.xcconfig; name = "Pods-FirstTask-FirstTaskUITests.debug.xcconfig"; path = "Target Support Files/Pods-FirstTask-FirstTaskUITests/Pods-FirstTask-FirstTaskUITests.debug.xcconfig"; sourceTree = "<group>"; };
		FB59189E5FDCB19CE1A114B1 /* Pods_FirstTask.framework */ = {isa = PBXFileReference; explicitFileType = wrapper.framework; includeInIndex = 0; path = Pods_FirstTask.framework; sourceTree = BUILT_PRODUCTS_DIR; };
/* End PBXFileReference section */

/* Begin PBXFrameworksBuildPhase section */
		99687EDC271DB935008BDA72 /* Frameworks */ = {
			isa = PBXFrameworksBuildPhase;
			buildActionMask = 2147483647;
			files = (
				CA56AD3E42FFDF8F1254B905 /* Pods_FirstTask.framework in Frameworks */,
			);
			runOnlyForDeploymentPostprocessing = 0;
		};
		99687EF2271DB939008BDA72 /* Frameworks */ = {
			isa = PBXFrameworksBuildPhase;
			buildActionMask = 2147483647;
			files = (
				249FE8F145256B0E0F9FEA82 /* Pods_FirstTaskTests.framework in Frameworks */,
			);
			runOnlyForDeploymentPostprocessing = 0;
		};
		99687EFD271DB939008BDA72 /* Frameworks */ = {
			isa = PBXFrameworksBuildPhase;
			buildActionMask = 2147483647;
			files = (
				E6D4017D01967AA770D28248 /* Pods_FirstTask_FirstTaskUITests.framework in Frameworks */,
			);
			runOnlyForDeploymentPostprocessing = 0;
		};
/* End PBXFrameworksBuildPhase section */

/* Begin PBXGroup section */
		4C77C997C943B9AC9C1ABF69 /* Frameworks */ = {
			isa = PBXGroup;
			children = (
				FB59189E5FDCB19CE1A114B1 /* Pods_FirstTask.framework */,
				C7CCCFF9ABCA7823E3E0FA11 /* Pods_FirstTask_FirstTaskUITests.framework */,
				1C647628B49ED6CC4F5BDE40 /* Pods_FirstTaskTests.framework */,
			);
			name = Frameworks;
			sourceTree = "<group>";
		};
		99687ED6271DB935008BDA72 = {
			isa = PBXGroup;
			children = (
				99687EE1271DB935008BDA72 /* FirstTask */,
				99687EF8271DB939008BDA72 /* FirstTaskTests */,
				99687F03271DB939008BDA72 /* FirstTaskUITests */,
				99687EE0271DB935008BDA72 /* Products */,
				9EBB35A723D4835D78BD2DF6 /* Pods */,
				4C77C997C943B9AC9C1ABF69 /* Frameworks */,
			);
			sourceTree = "<group>";
		};
		99687EE0271DB935008BDA72 /* Products */ = {
			isa = PBXGroup;
			children = (
				99687EDF271DB935008BDA72 /* FirstTask.app */,
				99687EF5271DB939008BDA72 /* FirstTaskTests.xctest */,
				99687F00271DB939008BDA72 /* FirstTaskUITests.xctest */,
			);
			name = Products;
			sourceTree = "<group>";
		};
		99687EE1271DB935008BDA72 /* FirstTask */ = {
			isa = PBXGroup;
			children = (
				99687F25271DCCC5008BDA72 /* UsersViewControllers */,
				99687F20271DCA27008BDA72 /* Representables */,
				99687F1C271DBB68008BDA72 /* Entities */,
				99687F12271DBAEB008BDA72 /* Networking */,
				99687EE2271DB935008BDA72 /* AppDelegate.swift */,
				99687EE4271DB935008BDA72 /* SceneDelegate.swift */,
				99687EE8271DB935008BDA72 /* Main.storyboard */,
				99687EEB271DB939008BDA72 /* Assets.xcassets */,
				99687EED271DB939008BDA72 /* LaunchScreen.storyboard */,
				99687EF0271DB939008BDA72 /* Info.plist */,
			);
			path = FirstTask;
			sourceTree = "<group>";
		};
		99687EF8271DB939008BDA72 /* FirstTaskTests */ = {
			isa = PBXGroup;
			children = (
				99687EF9271DB939008BDA72 /* FirstTaskTests.swift */,
				99687EFB271DB939008BDA72 /* Info.plist */,
			);
			path = FirstTaskTests;
			sourceTree = "<group>";
		};
		99687F03271DB939008BDA72 /* FirstTaskUITests */ = {
			isa = PBXGroup;
			children = (
				99687F04271DB939008BDA72 /* FirstTaskUITests.swift */,
				99687F06271DB939008BDA72 /* Info.plist */,
			);
			path = FirstTaskUITests;
			sourceTree = "<group>";
		};
		99687F12271DBAEB008BDA72 /* Networking */ = {
			isa = PBXGroup;
			children = (
				99687F19271DBB38008BDA72 /* Interceptor */,
				99687F16271DBB1C008BDA72 /* Router */,
				99687F13271DBB06008BDA72 /* API */,
			);
			path = Networking;
			sourceTree = "<group>";
		};
		99687F13271DBB06008BDA72 /* API */ = {
			isa = PBXGroup;
			children = (
				99687F14271DBB16008BDA72 /* API.swift */,
			);
			path = API;
			sourceTree = "<group>";
		};
		99687F16271DBB1C008BDA72 /* Router */ = {
			isa = PBXGroup;
			children = (
				99687F17271DBB28008BDA72 /* Router.swift */,
			);
			path = Router;
			sourceTree = "<group>";
		};
		99687F19271DBB38008BDA72 /* Interceptor */ = {
			isa = PBXGroup;
			children = (
				99687F1A271DBB49008BDA72 /* Interceptor.swift */,
			);
			name = Interceptor;
			path = ../../Interceptor;
			sourceTree = "<group>";
		};
		99687F1C271DBB68008BDA72 /* Entities */ = {
			isa = PBXGroup;
			children = (
				99B9C405274EADC100CB426F /* UserProfileTableViewResponse */,
				99687F1D271DBB75008BDA72 /* UsersTableViewResponse */,
			);
			path = Entities;
			sourceTree = "<group>";
		};
		99687F1D271DBB75008BDA72 /* UsersTableViewResponse */ = {
			isa = PBXGroup;
			children = (
				99687F1E271DBF51008BDA72 /* Response.swift */,
				99ECF1ED2738F2C1000F7891 /* Education.swift */,
				99ECF1EF2738F2E4000F7891 /* User.swift */,
				99ECF1F12738F2F8000F7891 /* Location.swift */,
				99ECF1F32738F30A000F7891 /* Position.swift */,
				99ECF1F52738F336000F7891 /* DataClass.swift */,
			);
			path = UsersTableViewResponse;
			sourceTree = "<group>";
		};
		99687F20271DCA27008BDA72 /* Representables */ = {
			isa = PBXGroup;
			children = (
				99B9C434274F789F00CB426F /* UserProfileTableViewRepresentables */,
				99ECF1A9272688D5000F7891 /* LoadingTableViewCellRepresentable */,
				99ECF1A8272688AC000F7891 /* UserTableViewCellRepresantable */,
				99687F21271DCA9D008BDA72 /* TableViewCellRepresentable.swift */,
				99B9C407274EAECC00CB426F /* TableHeaderFooterViewRepresentable.swift */,
				99B9C409274EB50B00CB426F /* TableSectionRepresentable.swift */,
			);
			path = Representables;
			sourceTree = "<group>";
		};
		99687F25271DCCC5008BDA72 /* UsersViewControllers */ = {
			isa = PBXGroup;
			children = (
				99F76ACA275FBB4B0050125F /* NavigationBar */,
				99B9C431274F778500CB426F /* ViewModels */,
				99687EE6271DB935008BDA72 /* UsersViewController.swift */,
				99B9C3FC274E6A8100CB426F /* ProfileViewController.swift */,
				99687F27271DCD08008BDA72 /* Extensions */,
				99687F26271DCCF2008BDA72 /* TableViewCells */,
			);
			path = UsersViewControllers;
			sourceTree = "<group>";
		};
		99687F26271DCCF2008BDA72 /* TableViewCells */ = {
			isa = PBXGroup;
			children = (
				99B9C439274F7AF900CB426F /* UserProfileTableViewCells */,
				99B9C438274F7AC900CB426F /* UsersTableViewCells */,
			);
			path = TableViewCells;
			sourceTree = "<group>";
		};
		99687F27271DCD08008BDA72 /* Extensions */ = {
			isa = PBXGroup;
			children = (
				99687F2E271DE037008BDA72 /* UserViewControllerExtentsion.swift */,
			);
			path = Extensions;
			sourceTree = "<group>";
		};
		99687F322720BE4D008BDA72 /* UserTableViewCell */ = {
			isa = PBXGroup;
			children = (
				99687F2A271DCDFE008BDA72 /* UserTableViewCell.swift */,
				99687F2B271DCDFE008BDA72 /* UserTableViewCell.xib */,
			);
			path = UserTableViewCell;
			sourceTree = "<group>";
		};
		99687F332720BE5F008BDA72 /* LoadingTableViewCell */ = {
			isa = PBXGroup;
			children = (
				99687F342720BE8F008BDA72 /* LoadingTableViewCell.swift */,
				99687F352720BE8F008BDA72 /* LoadingTableViewCell.xib */,
			);
			path = LoadingTableViewCell;
			sourceTree = "<group>";
		};
		99B9C405274EADC100CB426F /* UserProfileTableViewResponse */ = {
			isa = PBXGroup;
			children = (
				99B9C400274E9C5C00CB426F /* ProfileResponse.swift */,
				99F76AD32760CCB90050125F /* UserData.swift */,
				99F76AD62760CD2B0050125F /* Experience.swift */,
				99F76AD82760CD510050125F /* Work.swift */,
				99F76ADA2760CD760050125F /* UserInfo.swift */,
				99F76ADC2760CD8D0050125F /* UserSkill.swift */,
				99F76ADE2760CDBC0050125F /* Availability.swift */,
				99F76AE02760CDE20050125F /* PositionInfo.swift */,
				99F76AE22760CDF80050125F /* Brand.swift */,
			);
			path = UserProfileTableViewResponse;
			sourceTree = "<group>";
		};
		99B9C420274ED1B000CB426F /* UserProfileViewModels */ = {
			isa = PBXGroup;
			children = (
				99B9C421274ED1D400CB426F /* UserProfileViewModel.swift */,
			);
			path = UserProfileViewModels;
			sourceTree = "<group>";
		};
		99B9C431274F778500CB426F /* ViewModels */ = {
			isa = PBXGroup;
			children = (
				99ECF1EC272AA6CF000F7891 /* UsersViewModel */,
				99B9C420274ED1B000CB426F /* UserProfileViewModels */,
			);
			path = ViewModels;
			sourceTree = "<group>";
		};
		99B9C434274F789F00CB426F /* UserProfileTableViewRepresentables */ = {
			isa = PBXGroup;
			children = (
				99B9C40D274EB6C200CB426F /* SectionHeaderRepresentable.swift */,
				99B9C40F274EB80700CB426F /* AboutCellRepresentable.swift */,
				99B9C411274EB8CC00CB426F /* ExperienceCellRepresentable.swift */,
				99B9C417274EBA2900CB426F /* AvailabilityCellRepresentable.swift */,
				99B9C413274EB91E00CB426F /* skillsCellRepresentable.swift */,
				99B9C4592756BA6200CB426F /* MainHeaderRepresentable.swift */,
			);
			path = UserProfileTableViewRepresentables;
			sourceTree = "<group>";
		};
		99B9C438274F7AC900CB426F /* UsersTableViewCells */ = {
			isa = PBXGroup;
			children = (
				99687F322720BE4D008BDA72 /* UserTableViewCell */,
				99687F332720BE5F008BDA72 /* LoadingTableViewCell */,
			);
			path = UsersTableViewCells;
			sourceTree = "<group>";
		};
		99B9C439274F7AF900CB426F /* UserProfileTableViewCells */ = {
			isa = PBXGroup;
			children = (
				99B9C4512755333E00CB426F /* TagsLabel.swift */,
				99F76AC3275967160050125F /* AvailabilityTableViewCell */,
				99B9C454275666E800CB426F /* MainHeaderTableView */,
				99B9C44227537A0800CB426F /* SkillsTableViewCell */,
				99B9C43D274FB64E00CB426F /* ExperienceTableViewCell */,
				99B9C43B274F7B5600CB426F /* SectionHeaderTableView */,
				99B9C43A274F7B1100CB426F /* AboutTableViewCell */,
			);
			path = UserProfileTableViewCells;
			sourceTree = "<group>";
		};
		99B9C43A274F7B1100CB426F /* AboutTableViewCell */ = {
			isa = PBXGroup;
			children = (
				99B9C41C274EC7C700CB426F /* AboutTableViewCell.swift */,
				99B9C41D274EC7C700CB426F /* AboutTableViewCell.xib */,
			);
			path = AboutTableViewCell;
			sourceTree = "<group>";
		};
		99B9C43B274F7B5600CB426F /* SectionHeaderTableView */ = {
			isa = PBXGroup;
			children = (
				99B9C42D274ED8EA00CB426F /* SectionHeaderTableView.xib */,
				99B9C429274ED8C000CB426F /* SectionHeaderTableView.swift */,
			);
			path = SectionHeaderTableView;
			sourceTree = "<group>";
		};
		99B9C43D274FB64E00CB426F /* ExperienceTableViewCell */ = {
			isa = PBXGroup;
			children = (
				99B9C43E274FB6C100CB426F /* ExperienceTableViewCell.swift */,
				99B9C43F274FB6C100CB426F /* ExperienceTableViewCell.xib */,
			);
			path = ExperienceTableViewCell;
			sourceTree = "<group>";
		};
		99B9C44227537A0800CB426F /* SkillsTableViewCell */ = {
			isa = PBXGroup;
			children = (
				99B9C44D2753A20500CB426F /* SkillsTableViewCell.swift */,
			);
			path = SkillsTableViewCell;
			sourceTree = "<group>";
		};
		99B9C454275666E800CB426F /* MainHeaderTableView */ = {
			isa = PBXGroup;
			children = (
				99B9C4552756679200CB426F /* MainHeaderTableView.swift */,
				99B9C457275667C200CB426F /* MainHeaderTableView.xib */,
			);
			path = MainHeaderTableView;
			sourceTree = "<group>";
		};
		99ECF1A8272688AC000F7891 /* UserTableViewCellRepresantable */ = {
			isa = PBXGroup;
			children = (
				99687F23271DCB17008BDA72 /* UserTableViewCellRepresentable.swift */,
			);
			path = UserTableViewCellRepresantable;
			sourceTree = "<group>";
		};
		99ECF1A9272688D5000F7891 /* LoadingTableViewCellRepresentable */ = {
			isa = PBXGroup;
			children = (
				99687F3A27216883008BDA72 /* LoadingTableViewCellRepresentable.swift */,
			);
			path = LoadingTableViewCellRepresentable;
			sourceTree = "<group>";
		};
		99ECF1EC272AA6CF000F7891 /* UsersViewModel */ = {
			isa = PBXGroup;
			children = (
				99687F28271DCD28008BDA72 /* UsersViewModel.swift */,
			);
			path = UsersViewModel;
			sourceTree = "<group>";
		};
		99F76AC3275967160050125F /* AvailabilityTableViewCell */ = {
			isa = PBXGroup;
			children = (
				99F76AC42759677A0050125F /* AvailabilityTableViewCell.swift */,
			);
			path = AvailabilityTableViewCell;
			sourceTree = "<group>";
		};
		99F76ACA275FBB4B0050125F /* NavigationBar */ = {
			isa = PBXGroup;
			children = (
				99F76AC8275FBAB80050125F /* NavigationBarView.swift */,
				99F76ACF275FE59A0050125F /* NavigationBarView.xib */,
			);
			path = NavigationBar;
			sourceTree = "<group>";
		};
		9EBB35A723D4835D78BD2DF6 /* Pods */ = {
			isa = PBXGroup;
			children = (
				11C04C1000218D7FAC50658C /* Pods-FirstTask.debug.xcconfig */,
				9CEC64B4075D8C31D1D5DA44 /* Pods-FirstTask.release.xcconfig */,
				DDA966A992257C92BC205C08 /* Pods-FirstTask-FirstTaskUITests.debug.xcconfig */,
				4FE35789A3E78554ABC9555F /* Pods-FirstTask-FirstTaskUITests.release.xcconfig */,
				C9CB2248F022A53AD11D77B4 /* Pods-FirstTaskTests.debug.xcconfig */,
				B44B207AE53856DADE6AF1E5 /* Pods-FirstTaskTests.release.xcconfig */,
			);
			path = Pods;
			sourceTree = "<group>";
		};
/* End PBXGroup section */

/* Begin PBXNativeTarget section */
		99687EDE271DB935008BDA72 /* FirstTask */ = {
			isa = PBXNativeTarget;
			buildConfigurationList = 99687F09271DB939008BDA72 /* Build configuration list for PBXNativeTarget "FirstTask" */;
			buildPhases = (
				253E2F2C8FB1864B557E0D17 /* [CP] Check Pods Manifest.lock */,
				99687EDB271DB935008BDA72 /* Sources */,
				99687EDC271DB935008BDA72 /* Frameworks */,
				99687EDD271DB935008BDA72 /* Resources */,
				BE0E26D669754B8CF8564957 /* [CP] Embed Pods Frameworks */,
			);
			buildRules = (
			);
			dependencies = (
			);
			name = FirstTask;
			productName = FirstTask;
			productReference = 99687EDF271DB935008BDA72 /* FirstTask.app */;
			productType = "com.apple.product-type.application";
		};
		99687EF4271DB939008BDA72 /* FirstTaskTests */ = {
			isa = PBXNativeTarget;
			buildConfigurationList = 99687F0C271DB939008BDA72 /* Build configuration list for PBXNativeTarget "FirstTaskTests" */;
			buildPhases = (
				4E4B115126DE33CD5511776B /* [CP] Check Pods Manifest.lock */,
				99687EF1271DB939008BDA72 /* Sources */,
				99687EF2271DB939008BDA72 /* Frameworks */,
				99687EF3271DB939008BDA72 /* Resources */,
			);
			buildRules = (
			);
			dependencies = (
				99687EF7271DB939008BDA72 /* PBXTargetDependency */,
			);
			name = FirstTaskTests;
			productName = FirstTaskTests;
			productReference = 99687EF5271DB939008BDA72 /* FirstTaskTests.xctest */;
			productType = "com.apple.product-type.bundle.unit-test";
		};
		99687EFF271DB939008BDA72 /* FirstTaskUITests */ = {
			isa = PBXNativeTarget;
			buildConfigurationList = 99687F0F271DB939008BDA72 /* Build configuration list for PBXNativeTarget "FirstTaskUITests" */;
			buildPhases = (
				C34EB752B4E18466020C1CDF /* [CP] Check Pods Manifest.lock */,
				99687EFC271DB939008BDA72 /* Sources */,
				99687EFD271DB939008BDA72 /* Frameworks */,
				99687EFE271DB939008BDA72 /* Resources */,
				F7D6A8594E9B4B9226CE6DDF /* [CP] Embed Pods Frameworks */,
			);
			buildRules = (
			);
			dependencies = (
				99687F02271DB939008BDA72 /* PBXTargetDependency */,
			);
			name = FirstTaskUITests;
			productName = FirstTaskUITests;
			productReference = 99687F00271DB939008BDA72 /* FirstTaskUITests.xctest */;
			productType = "com.apple.product-type.bundle.ui-testing";
		};
/* End PBXNativeTarget section */

/* Begin PBXProject section */
		99687ED7271DB935008BDA72 /* Project object */ = {
			isa = PBXProject;
			attributes = {
				LastSwiftUpdateCheck = 1250;
				LastUpgradeCheck = 1250;
				TargetAttributes = {
					99687EDE271DB935008BDA72 = {
						CreatedOnToolsVersion = 12.5.1;
					};
					99687EF4271DB939008BDA72 = {
						CreatedOnToolsVersion = 12.5.1;
						TestTargetID = 99687EDE271DB935008BDA72;
					};
					99687EFF271DB939008BDA72 = {
						CreatedOnToolsVersion = 12.5.1;
						TestTargetID = 99687EDE271DB935008BDA72;
					};
				};
			};
			buildConfigurationList = 99687EDA271DB935008BDA72 /* Build configuration list for PBXProject "FirstTask" */;
			compatibilityVersion = "Xcode 9.3";
			developmentRegion = en;
			hasScannedForEncodings = 0;
			knownRegions = (
				en,
				Base,
			);
			mainGroup = 99687ED6271DB935008BDA72;
			productRefGroup = 99687EE0271DB935008BDA72 /* Products */;
			projectDirPath = "";
			projectRoot = "";
			targets = (
				99687EDE271DB935008BDA72 /* FirstTask */,
				99687EF4271DB939008BDA72 /* FirstTaskTests */,
				99687EFF271DB939008BDA72 /* FirstTaskUITests */,
			);
		};
/* End PBXProject section */

/* Begin PBXResourcesBuildPhase section */
		99687EDD271DB935008BDA72 /* Resources */ = {
			isa = PBXResourcesBuildPhase;
			buildActionMask = 2147483647;
			files = (
				99687F2D271DCDFE008BDA72 /* UserTableViewCell.xib in Resources */,
				99B9C41F274EC7C700CB426F /* AboutTableViewCell.xib in Resources */,
				99687F372720BE8F008BDA72 /* LoadingTableViewCell.xib in Resources */,
				99687EEF271DB939008BDA72 /* LaunchScreen.storyboard in Resources */,
				99F76AD0275FE59A0050125F /* NavigationBarView.xib in Resources */,
				99B9C42E274ED8EA00CB426F /* SectionHeaderTableView.xib in Resources */,
				99B9C458275667C200CB426F /* MainHeaderTableView.xib in Resources */,
				99687EEC271DB939008BDA72 /* Assets.xcassets in Resources */,
				99687EEA271DB935008BDA72 /* Main.storyboard in Resources */,
				99B9C441274FB6C100CB426F /* ExperienceTableViewCell.xib in Resources */,
			);
			runOnlyForDeploymentPostprocessing = 0;
		};
		99687EF3271DB939008BDA72 /* Resources */ = {
			isa = PBXResourcesBuildPhase;
			buildActionMask = 2147483647;
			files = (
			);
			runOnlyForDeploymentPostprocessing = 0;
		};
		99687EFE271DB939008BDA72 /* Resources */ = {
			isa = PBXResourcesBuildPhase;
			buildActionMask = 2147483647;
			files = (
			);
			runOnlyForDeploymentPostprocessing = 0;
		};
/* End PBXResourcesBuildPhase section */

/* Begin PBXShellScriptBuildPhase section */
		253E2F2C8FB1864B557E0D17 /* [CP] Check Pods Manifest.lock */ = {
			isa = PBXShellScriptBuildPhase;
			buildActionMask = 2147483647;
			files = (
			);
			inputFileListPaths = (
			);
			inputPaths = (
				"${PODS_PODFILE_DIR_PATH}/Podfile.lock",
				"${PODS_ROOT}/Manifest.lock",
			);
			name = "[CP] Check Pods Manifest.lock";
			outputFileListPaths = (
			);
			outputPaths = (
				"$(DERIVED_FILE_DIR)/Pods-FirstTask-checkManifestLockResult.txt",
			);
			runOnlyForDeploymentPostprocessing = 0;
			shellPath = /bin/sh;
			shellScript = "diff \"${PODS_PODFILE_DIR_PATH}/Podfile.lock\" \"${PODS_ROOT}/Manifest.lock\" > /dev/null\nif [ $? != 0 ] ; then\n    # print error to STDERR\n    echo \"error: The sandbox is not in sync with the Podfile.lock. Run 'pod install' or update your CocoaPods installation.\" >&2\n    exit 1\nfi\n# This output is used by Xcode 'outputs' to avoid re-running this script phase.\necho \"SUCCESS\" > \"${SCRIPT_OUTPUT_FILE_0}\"\n";
			showEnvVarsInLog = 0;
		};
		4E4B115126DE33CD5511776B /* [CP] Check Pods Manifest.lock */ = {
			isa = PBXShellScriptBuildPhase;
			buildActionMask = 2147483647;
			files = (
			);
			inputFileListPaths = (
			);
			inputPaths = (
				"${PODS_PODFILE_DIR_PATH}/Podfile.lock",
				"${PODS_ROOT}/Manifest.lock",
			);
			name = "[CP] Check Pods Manifest.lock";
			outputFileListPaths = (
			);
			outputPaths = (
				"$(DERIVED_FILE_DIR)/Pods-FirstTaskTests-checkManifestLockResult.txt",
			);
			runOnlyForDeploymentPostprocessing = 0;
			shellPath = /bin/sh;
			shellScript = "diff \"${PODS_PODFILE_DIR_PATH}/Podfile.lock\" \"${PODS_ROOT}/Manifest.lock\" > /dev/null\nif [ $? != 0 ] ; then\n    # print error to STDERR\n    echo \"error: The sandbox is not in sync with the Podfile.lock. Run 'pod install' or update your CocoaPods installation.\" >&2\n    exit 1\nfi\n# This output is used by Xcode 'outputs' to avoid re-running this script phase.\necho \"SUCCESS\" > \"${SCRIPT_OUTPUT_FILE_0}\"\n";
			showEnvVarsInLog = 0;
		};
		BE0E26D669754B8CF8564957 /* [CP] Embed Pods Frameworks */ = {
			isa = PBXShellScriptBuildPhase;
			buildActionMask = 2147483647;
			files = (
			);
			inputFileListPaths = (
				"${PODS_ROOT}/Target Support Files/Pods-FirstTask/Pods-FirstTask-frameworks-${CONFIGURATION}-input-files.xcfilelist",
			);
			name = "[CP] Embed Pods Frameworks";
			outputFileListPaths = (
				"${PODS_ROOT}/Target Support Files/Pods-FirstTask/Pods-FirstTask-frameworks-${CONFIGURATION}-output-files.xcfilelist",
			);
			runOnlyForDeploymentPostprocessing = 0;
			shellPath = /bin/sh;
			shellScript = "\"${PODS_ROOT}/Target Support Files/Pods-FirstTask/Pods-FirstTask-frameworks.sh\"\n";
			showEnvVarsInLog = 0;
		};
		C34EB752B4E18466020C1CDF /* [CP] Check Pods Manifest.lock */ = {
			isa = PBXShellScriptBuildPhase;
			buildActionMask = 2147483647;
			files = (
			);
			inputFileListPaths = (
			);
			inputPaths = (
				"${PODS_PODFILE_DIR_PATH}/Podfile.lock",
				"${PODS_ROOT}/Manifest.lock",
			);
			name = "[CP] Check Pods Manifest.lock";
			outputFileListPaths = (
			);
			outputPaths = (
				"$(DERIVED_FILE_DIR)/Pods-FirstTask-FirstTaskUITests-checkManifestLockResult.txt",
			);
			runOnlyForDeploymentPostprocessing = 0;
			shellPath = /bin/sh;
			shellScript = "diff \"${PODS_PODFILE_DIR_PATH}/Podfile.lock\" \"${PODS_ROOT}/Manifest.lock\" > /dev/null\nif [ $? != 0 ] ; then\n    # print error to STDERR\n    echo \"error: The sandbox is not in sync with the Podfile.lock. Run 'pod install' or update your CocoaPods installation.\" >&2\n    exit 1\nfi\n# This output is used by Xcode 'outputs' to avoid re-running this script phase.\necho \"SUCCESS\" > \"${SCRIPT_OUTPUT_FILE_0}\"\n";
			showEnvVarsInLog = 0;
		};
		F7D6A8594E9B4B9226CE6DDF /* [CP] Embed Pods Frameworks */ = {
			isa = PBXShellScriptBuildPhase;
			buildActionMask = 2147483647;
			files = (
			);
			inputFileListPaths = (
				"${PODS_ROOT}/Target Support Files/Pods-FirstTask-FirstTaskUITests/Pods-FirstTask-FirstTaskUITests-frameworks-${CONFIGURATION}-input-files.xcfilelist",
			);
			name = "[CP] Embed Pods Frameworks";
			outputFileListPaths = (
				"${PODS_ROOT}/Target Support Files/Pods-FirstTask-FirstTaskUITests/Pods-FirstTask-FirstTaskUITests-frameworks-${CONFIGURATION}-output-files.xcfilelist",
			);
			runOnlyForDeploymentPostprocessing = 0;
			shellPath = /bin/sh;
			shellScript = "\"${PODS_ROOT}/Target Support Files/Pods-FirstTask-FirstTaskUITests/Pods-FirstTask-FirstTaskUITests-frameworks.sh\"\n";
			showEnvVarsInLog = 0;
		};
/* End PBXShellScriptBuildPhase section */

/* Begin PBXSourcesBuildPhase section */
		99687EDB271DB935008BDA72 /* Sources */ = {
			isa = PBXSourcesBuildPhase;
			buildActionMask = 2147483647;
			files = (
				99687EE7271DB935008BDA72 /* UsersViewController.swift in Sources */,
				99F76ADB2760CD760050125F /* UserInfo.swift in Sources */,
				99ECF1F62738F336000F7891 /* DataClass.swift in Sources */,
				99B9C401274E9C5C00CB426F /* ProfileResponse.swift in Sources */,
				99687F1B271DBB49008BDA72 /* Interceptor.swift in Sources */,
				99B9C412274EB8CC00CB426F /* ExperienceCellRepresentable.swift in Sources */,
				99687F2C271DCDFE008BDA72 /* UserTableViewCell.swift in Sources */,
				99ECF1F42738F30A000F7891 /* Position.swift in Sources */,
				99F76AD92760CD510050125F /* Work.swift in Sources */,
				99687EE3271DB935008BDA72 /* AppDelegate.swift in Sources */,
				99B9C4562756679200CB426F /* MainHeaderTableView.swift in Sources */,
				99ECF1F02738F2E4000F7891 /* User.swift in Sources */,
				99B9C408274EAECC00CB426F /* TableHeaderFooterViewRepresentable.swift in Sources */,
				99ECF1F22738F2F8000F7891 /* Location.swift in Sources */,
				99B9C40A274EB50B00CB426F /* TableSectionRepresentable.swift in Sources */,
				99B9C410274EB80700CB426F /* AboutCellRepresentable.swift in Sources */,
				99687F2F271DE037008BDA72 /* UserViewControllerExtentsion.swift in Sources */,
				99F76AE32760CDF80050125F /* Brand.swift in Sources */,
				99B9C4522755333E00CB426F /* TagsLabel.swift in Sources */,
				99F76ADF2760CDBC0050125F /* Availability.swift in Sources */,
				99F76AC9275FBAB80050125F /* NavigationBarView.swift in Sources */,
				99F76AD42760CCB90050125F /* UserData.swift in Sources */,
				99B9C41E274EC7C700CB426F /* AboutTableViewCell.swift in Sources */,
				99687F29271DCD28008BDA72 /* UsersViewModel.swift in Sources */,
				99B9C440274FB6C100CB426F /* ExperienceTableViewCell.swift in Sources */,
				99687F18271DBB28008BDA72 /* Router.swift in Sources */,
				99687F3B27216883008BDA72 /* LoadingTableViewCellRepresentable.swift in Sources */,
				99687F22271DCA9D008BDA72 /* TableViewCellRepresentable.swift in Sources */,
				99687F15271DBB16008BDA72 /* API.swift in Sources */,
				99687EE5271DB935008BDA72 /* SceneDelegate.swift in Sources */,
				99F76AD72760CD2B0050125F /* Experience.swift in Sources */,
				99B9C44F2753A20500CB426F /* SkillsTableViewCell.swift in Sources */,
				99ECF1EE2738F2C1000F7891 /* Education.swift in Sources */,
				99B9C414274EB91E00CB426F /* skillsCellRepresentable.swift in Sources */,
				99F76AC62759677A0050125F /* AvailabilityTableViewCell.swift in Sources */,
				99B9C42A274ED8C000CB426F /* SectionHeaderTableView.swift in Sources */,
				99B9C418274EBA2900CB426F /* AvailabilityCellRepresentable.swift in Sources */,
				99F76ADD2760CD8D0050125F /* UserSkill.swift in Sources */,
				99687F362720BE8F008BDA72 /* LoadingTableViewCell.swift in Sources */,
				99B9C3FD274E6A8100CB426F /* ProfileViewController.swift in Sources */,
				99687F24271DCB17008BDA72 /* UserTableViewCellRepresentable.swift in Sources */,
				99687F1F271DBF51008BDA72 /* Response.swift in Sources */,
				99B9C45A2756BA6200CB426F /* MainHeaderRepresentable.swift in Sources */,
				99B9C40E274EB6C200CB426F /* SectionHeaderRepresentable.swift in Sources */,
				99F76AE12760CDE20050125F /* PositionInfo.swift in Sources */,
				99B9C422274ED1D400CB426F /* UserProfileViewModel.swift in Sources */,
			);
			runOnlyForDeploymentPostprocessing = 0;
		};
		99687EF1271DB939008BDA72 /* Sources */ = {
			isa = PBXSourcesBuildPhase;
			buildActionMask = 2147483647;
			files = (
				99687EFA271DB939008BDA72 /* FirstTaskTests.swift in Sources */,
			);
			runOnlyForDeploymentPostprocessing = 0;
		};
		99687EFC271DB939008BDA72 /* Sources */ = {
			isa = PBXSourcesBuildPhase;
			buildActionMask = 2147483647;
			files = (
				99687F05271DB939008BDA72 /* FirstTaskUITests.swift in Sources */,
			);
			runOnlyForDeploymentPostprocessing = 0;
		};
/* End PBXSourcesBuildPhase section */

/* Begin PBXTargetDependency section */
		99687EF7271DB939008BDA72 /* PBXTargetDependency */ = {
			isa = PBXTargetDependency;
			target = 99687EDE271DB935008BDA72 /* FirstTask */;
			targetProxy = 99687EF6271DB939008BDA72 /* PBXContainerItemProxy */;
		};
		99687F02271DB939008BDA72 /* PBXTargetDependency */ = {
			isa = PBXTargetDependency;
			target = 99687EDE271DB935008BDA72 /* FirstTask */;
			targetProxy = 99687F01271DB939008BDA72 /* PBXContainerItemProxy */;
		};
/* End PBXTargetDependency section */

/* Begin PBXVariantGroup section */
		99687EE8271DB935008BDA72 /* Main.storyboard */ = {
			isa = PBXVariantGroup;
			children = (
				99687EE9271DB935008BDA72 /* Base */,
			);
			name = Main.storyboard;
			sourceTree = "<group>";
		};
		99687EED271DB939008BDA72 /* LaunchScreen.storyboard */ = {
			isa = PBXVariantGroup;
			children = (
				99687EEE271DB939008BDA72 /* Base */,
			);
			name = LaunchScreen.storyboard;
			sourceTree = "<group>";
		};
/* End PBXVariantGroup section */

/* Begin XCBuildConfiguration section */
		99687F07271DB939008BDA72 /* Debug */ = {
			isa = XCBuildConfiguration;
			buildSettings = {
				ALWAYS_SEARCH_USER_PATHS = NO;
				CLANG_ANALYZER_NONNULL = YES;
				CLANG_ANALYZER_NUMBER_OBJECT_CONVERSION = YES_AGGRESSIVE;
				CLANG_CXX_LANGUAGE_STANDARD = "gnu++14";
				CLANG_CXX_LIBRARY = "libc++";
				CLANG_ENABLE_MODULES = YES;
				CLANG_ENABLE_OBJC_ARC = YES;
				CLANG_ENABLE_OBJC_WEAK = YES;
				CLANG_WARN_BLOCK_CAPTURE_AUTORELEASING = YES;
				CLANG_WARN_BOOL_CONVERSION = YES;
				CLANG_WARN_COMMA = YES;
				CLANG_WARN_CONSTANT_CONVERSION = YES;
				CLANG_WARN_DEPRECATED_OBJC_IMPLEMENTATIONS = YES;
				CLANG_WARN_DIRECT_OBJC_ISA_USAGE = YES_ERROR;
				CLANG_WARN_DOCUMENTATION_COMMENTS = YES;
				CLANG_WARN_EMPTY_BODY = YES;
				CLANG_WARN_ENUM_CONVERSION = YES;
				CLANG_WARN_INFINITE_RECURSION = YES;
				CLANG_WARN_INT_CONVERSION = YES;
				CLANG_WARN_NON_LITERAL_NULL_CONVERSION = YES;
				CLANG_WARN_OBJC_IMPLICIT_RETAIN_SELF = YES;
				CLANG_WARN_OBJC_LITERAL_CONVERSION = YES;
				CLANG_WARN_OBJC_ROOT_CLASS = YES_ERROR;
				CLANG_WARN_QUOTED_INCLUDE_IN_FRAMEWORK_HEADER = YES;
				CLANG_WARN_RANGE_LOOP_ANALYSIS = YES;
				CLANG_WARN_STRICT_PROTOTYPES = YES;
				CLANG_WARN_SUSPICIOUS_MOVE = YES;
				CLANG_WARN_UNGUARDED_AVAILABILITY = YES_AGGRESSIVE;
				CLANG_WARN_UNREACHABLE_CODE = YES;
				CLANG_WARN__DUPLICATE_METHOD_MATCH = YES;
				COPY_PHASE_STRIP = NO;
				DEBUG_INFORMATION_FORMAT = dwarf;
				ENABLE_STRICT_OBJC_MSGSEND = YES;
				ENABLE_TESTABILITY = YES;
				GCC_C_LANGUAGE_STANDARD = gnu11;
				GCC_DYNAMIC_NO_PIC = NO;
				GCC_NO_COMMON_BLOCKS = YES;
				GCC_OPTIMIZATION_LEVEL = 0;
				GCC_PREPROCESSOR_DEFINITIONS = (
					"DEBUG=1",
					"$(inherited)",
				);
				GCC_WARN_64_TO_32_BIT_CONVERSION = YES;
				GCC_WARN_ABOUT_RETURN_TYPE = YES_ERROR;
				GCC_WARN_UNDECLARED_SELECTOR = YES;
				GCC_WARN_UNINITIALIZED_AUTOS = YES_AGGRESSIVE;
				GCC_WARN_UNUSED_FUNCTION = YES;
				GCC_WARN_UNUSED_VARIABLE = YES;
				IPHONEOS_DEPLOYMENT_TARGET = 14.5;
				MTL_ENABLE_DEBUG_INFO = INCLUDE_SOURCE;
				MTL_FAST_MATH = YES;
				ONLY_ACTIVE_ARCH = YES;
				SDKROOT = iphoneos;
				SWIFT_ACTIVE_COMPILATION_CONDITIONS = DEBUG;
				SWIFT_OPTIMIZATION_LEVEL = "-Onone";
			};
			name = Debug;
		};
		99687F08271DB939008BDA72 /* Release */ = {
			isa = XCBuildConfiguration;
			buildSettings = {
				ALWAYS_SEARCH_USER_PATHS = NO;
				CLANG_ANALYZER_NONNULL = YES;
				CLANG_ANALYZER_NUMBER_OBJECT_CONVERSION = YES_AGGRESSIVE;
				CLANG_CXX_LANGUAGE_STANDARD = "gnu++14";
				CLANG_CXX_LIBRARY = "libc++";
				CLANG_ENABLE_MODULES = YES;
				CLANG_ENABLE_OBJC_ARC = YES;
				CLANG_ENABLE_OBJC_WEAK = YES;
				CLANG_WARN_BLOCK_CAPTURE_AUTORELEASING = YES;
				CLANG_WARN_BOOL_CONVERSION = YES;
				CLANG_WARN_COMMA = YES;
				CLANG_WARN_CONSTANT_CONVERSION = YES;
				CLANG_WARN_DEPRECATED_OBJC_IMPLEMENTATIONS = YES;
				CLANG_WARN_DIRECT_OBJC_ISA_USAGE = YES_ERROR;
				CLANG_WARN_DOCUMENTATION_COMMENTS = YES;
				CLANG_WARN_EMPTY_BODY = YES;
				CLANG_WARN_ENUM_CONVERSION = YES;
				CLANG_WARN_INFINITE_RECURSION = YES;
				CLANG_WARN_INT_CONVERSION = YES;
				CLANG_WARN_NON_LITERAL_NULL_CONVERSION = YES;
				CLANG_WARN_OBJC_IMPLICIT_RETAIN_SELF = YES;
				CLANG_WARN_OBJC_LITERAL_CONVERSION = YES;
				CLANG_WARN_OBJC_ROOT_CLASS = YES_ERROR;
				CLANG_WARN_QUOTED_INCLUDE_IN_FRAMEWORK_HEADER = YES;
				CLANG_WARN_RANGE_LOOP_ANALYSIS = YES;
				CLANG_WARN_STRICT_PROTOTYPES = YES;
				CLANG_WARN_SUSPICIOUS_MOVE = YES;
				CLANG_WARN_UNGUARDED_AVAILABILITY = YES_AGGRESSIVE;
				CLANG_WARN_UNREACHABLE_CODE = YES;
				CLANG_WARN__DUPLICATE_METHOD_MATCH = YES;
				COPY_PHASE_STRIP = NO;
				DEBUG_INFORMATION_FORMAT = "dwarf-with-dsym";
				ENABLE_NS_ASSERTIONS = NO;
				ENABLE_STRICT_OBJC_MSGSEND = YES;
				GCC_C_LANGUAGE_STANDARD = gnu11;
				GCC_NO_COMMON_BLOCKS = YES;
				GCC_WARN_64_TO_32_BIT_CONVERSION = YES;
				GCC_WARN_ABOUT_RETURN_TYPE = YES_ERROR;
				GCC_WARN_UNDECLARED_SELECTOR = YES;
				GCC_WARN_UNINITIALIZED_AUTOS = YES_AGGRESSIVE;
				GCC_WARN_UNUSED_FUNCTION = YES;
				GCC_WARN_UNUSED_VARIABLE = YES;
				IPHONEOS_DEPLOYMENT_TARGET = 14.5;
				MTL_ENABLE_DEBUG_INFO = NO;
				MTL_FAST_MATH = YES;
				SDKROOT = iphoneos;
				SWIFT_COMPILATION_MODE = wholemodule;
				SWIFT_OPTIMIZATION_LEVEL = "-O";
				VALIDATE_PRODUCT = YES;
			};
			name = Release;
		};
		99687F0A271DB939008BDA72 /* Debug */ = {
			isa = XCBuildConfiguration;
			baseConfigurationReference = 11C04C1000218D7FAC50658C /* Pods-FirstTask.debug.xcconfig */;
			buildSettings = {
				ASSETCATALOG_COMPILER_APPICON_NAME = AppIcon;
				ASSETCATALOG_COMPILER_GLOBAL_ACCENT_COLOR_NAME = AccentColor;
				CODE_SIGN_STYLE = Automatic;
				INFOPLIST_FILE = FirstTask/Info.plist;
				LD_RUNPATH_SEARCH_PATHS = (
					"$(inherited)",
					"@executable_path/Frameworks",
				);
				PRODUCT_BUNDLE_IDENTIFIER = Test.FirstTask;
				PRODUCT_NAME = "$(TARGET_NAME)";
				SWIFT_VERSION = 5.0;
				TARGETED_DEVICE_FAMILY = "1,2";
			};
			name = Debug;
		};
		99687F0B271DB939008BDA72 /* Release */ = {
			isa = XCBuildConfiguration;
			baseConfigurationReference = 9CEC64B4075D8C31D1D5DA44 /* Pods-FirstTask.release.xcconfig */;
			buildSettings = {
				ASSETCATALOG_COMPILER_APPICON_NAME = AppIcon;
				ASSETCATALOG_COMPILER_GLOBAL_ACCENT_COLOR_NAME = AccentColor;
				CODE_SIGN_STYLE = Automatic;
				INFOPLIST_FILE = FirstTask/Info.plist;
				LD_RUNPATH_SEARCH_PATHS = (
					"$(inherited)",
					"@executable_path/Frameworks",
				);
				PRODUCT_BUNDLE_IDENTIFIER = Test.FirstTask;
				PRODUCT_NAME = "$(TARGET_NAME)";
				SWIFT_VERSION = 5.0;
				TARGETED_DEVICE_FAMILY = "1,2";
			};
			name = Release;
		};
		99687F0D271DB939008BDA72 /* Debug */ = {
			isa = XCBuildConfiguration;
			baseConfigurationReference = C9CB2248F022A53AD11D77B4 /* Pods-FirstTaskTests.debug.xcconfig */;
			buildSettings = {
				ALWAYS_EMBED_SWIFT_STANDARD_LIBRARIES = YES;
				BUNDLE_LOADER = "$(TEST_HOST)";
				CODE_SIGN_STYLE = Automatic;
				INFOPLIST_FILE = FirstTaskTests/Info.plist;
				IPHONEOS_DEPLOYMENT_TARGET = 14.5;
				LD_RUNPATH_SEARCH_PATHS = (
					"$(inherited)",
					"@executable_path/Frameworks",
					"@loader_path/Frameworks",
				);
				PRODUCT_BUNDLE_IDENTIFIER = Test.FirstTaskTests;
				PRODUCT_NAME = "$(TARGET_NAME)";
				SWIFT_VERSION = 5.0;
				TARGETED_DEVICE_FAMILY = "1,2";
				TEST_HOST = "$(BUILT_PRODUCTS_DIR)/FirstTask.app/FirstTask";
			};
			name = Debug;
		};
		99687F0E271DB939008BDA72 /* Release */ = {
			isa = XCBuildConfiguration;
			baseConfigurationReference = B44B207AE53856DADE6AF1E5 /* Pods-FirstTaskTests.release.xcconfig */;
			buildSettings = {
				ALWAYS_EMBED_SWIFT_STANDARD_LIBRARIES = YES;
				BUNDLE_LOADER = "$(TEST_HOST)";
				CODE_SIGN_STYLE = Automatic;
				INFOPLIST_FILE = FirstTaskTests/Info.plist;
				IPHONEOS_DEPLOYMENT_TARGET = 14.5;
				LD_RUNPATH_SEARCH_PATHS = (
					"$(inherited)",
					"@executable_path/Frameworks",
					"@loader_path/Frameworks",
				);
				PRODUCT_BUNDLE_IDENTIFIER = Test.FirstTaskTests;
				PRODUCT_NAME = "$(TARGET_NAME)";
				SWIFT_VERSION = 5.0;
				TARGETED_DEVICE_FAMILY = "1,2";
				TEST_HOST = "$(BUILT_PRODUCTS_DIR)/FirstTask.app/FirstTask";
			};
			name = Release;
		};
		99687F10271DB939008BDA72 /* Debug */ = {
			isa = XCBuildConfiguration;
			baseConfigurationReference = DDA966A992257C92BC205C08 /* Pods-FirstTask-FirstTaskUITests.debug.xcconfig */;
			buildSettings = {
				ALWAYS_EMBED_SWIFT_STANDARD_LIBRARIES = YES;
				CODE_SIGN_STYLE = Automatic;
				INFOPLIST_FILE = FirstTaskUITests/Info.plist;
				LD_RUNPATH_SEARCH_PATHS = (
					"$(inherited)",
					"@executable_path/Frameworks",
					"@loader_path/Frameworks",
				);
				PRODUCT_BUNDLE_IDENTIFIER = Test.FirstTaskUITests;
				PRODUCT_NAME = "$(TARGET_NAME)";
				SWIFT_VERSION = 5.0;
				TARGETED_DEVICE_FAMILY = "1,2";
				TEST_TARGET_NAME = FirstTask;
			};
			name = Debug;
		};
		99687F11271DB939008BDA72 /* Release */ = {
			isa = XCBuildConfiguration;
			baseConfigurationReference = 4FE35789A3E78554ABC9555F /* Pods-FirstTask-FirstTaskUITests.release.xcconfig */;
			buildSettings = {
				ALWAYS_EMBED_SWIFT_STANDARD_LIBRARIES = YES;
				CODE_SIGN_STYLE = Automatic;
				INFOPLIST_FILE = FirstTaskUITests/Info.plist;
				LD_RUNPATH_SEARCH_PATHS = (
					"$(inherited)",
					"@executable_path/Frameworks",
					"@loader_path/Frameworks",
				);
				PRODUCT_BUNDLE_IDENTIFIER = Test.FirstTaskUITests;
				PRODUCT_NAME = "$(TARGET_NAME)";
				SWIFT_VERSION = 5.0;
				TARGETED_DEVICE_FAMILY = "1,2";
				TEST_TARGET_NAME = FirstTask;
			};
			name = Release;
		};
/* End XCBuildConfiguration section */

/* Begin XCConfigurationList section */
		99687EDA271DB935008BDA72 /* Build configuration list for PBXProject "FirstTask" */ = {
			isa = XCConfigurationList;
			buildConfigurations = (
				99687F07271DB939008BDA72 /* Debug */,
				99687F08271DB939008BDA72 /* Release */,
			);
			defaultConfigurationIsVisible = 0;
			defaultConfigurationName = Release;
		};
		99687F09271DB939008BDA72 /* Build configuration list for PBXNativeTarget "FirstTask" */ = {
			isa = XCConfigurationList;
			buildConfigurations = (
				99687F0A271DB939008BDA72 /* Debug */,
				99687F0B271DB939008BDA72 /* Release */,
			);
			defaultConfigurationIsVisible = 0;
			defaultConfigurationName = Release;
		};
		99687F0C271DB939008BDA72 /* Build configuration list for PBXNativeTarget "FirstTaskTests" */ = {
			isa = XCConfigurationList;
			buildConfigurations = (
				99687F0D271DB939008BDA72 /* Debug */,
				99687F0E271DB939008BDA72 /* Release */,
			);
			defaultConfigurationIsVisible = 0;
			defaultConfigurationName = Release;
		};
		99687F0F271DB939008BDA72 /* Build configuration list for PBXNativeTarget "FirstTaskUITests" */ = {
			isa = XCConfigurationList;
			buildConfigurations = (
				99687F10271DB939008BDA72 /* Debug */,
				99687F11271DB939008BDA72 /* Release */,
			);
			defaultConfigurationIsVisible = 0;
			defaultConfigurationName = Release;
		};
/* End XCConfigurationList section */
	};
	rootObject = 99687ED7271DB935008BDA72 /* Project object */;
}
